# THIS IS AN AUTOGENERATED FILE. DO NOT EDIT THIS FILE DIRECTLY.
# yarn lockfile v1


nouislider@^15.4.0:
  version "15.4.0"
  resolved "https://registry.yarnpkg.com/nouislider/-/nouislider-15.4.0.tgz#ac0d988e9ba59366062e5712e7cd37eb2e48630d"
  integrity sha512-AV7UMhGhZ4Mj6ToMT812Ib8OJ4tAXR2/Um7C4l4ZvvsqujF0WpQTpqqHJ+9xt4174R7ueQOUrBR4yakJpAIPCA==
